{
  "lockfile_version": "1",
  "packages": {
    "buf@1.55.1": {
      "last_modified": "2025-07-28T17:09:23Z",
      "resolved": "github:NixOS/nixpkgs/648f70160c03151bc2121d179291337ad6bc564b#buf",
      "source": "devbox-search",
      "version": "1.55.1",
      "systems": {
        "aarch64-darwin": {
          "outputs": [
            {
              "name": "out",
              "path": "/nix/store/yrnjl8vy8dska28691x9w4jgn3wygc9s-buf-1.55.1",
              "default": true
            }
          ],
          "store_path": "/nix/store/yrnjl8vy8dska28691x9w4jgn3wygc9s-buf-1.55.1"
        },
        "aarch64-linux": {
          "outputs": [
            {
              "name": "out",
              "path": "/nix/store/1gcby16hq68rpw4pwfamrmgyx94jhwpn-buf-1.55.1",
              "default": true
            }
          ],
          "store_path": "/nix/store/1gcby16hq68rpw4pwfamrmgyx94jhwpn-buf-1.55.1"
        },
        "x86_64-darwin": {
          "outputs": [
            {
              "name": "out",
              "path": "/nix/store/68ab1fdhplwv1wiyscz7gqi37fhs9z8h-buf-1.55.1",
              "default": true
            }
          ],
          "store_path": "/nix/store/68ab1fdhplwv1wiyscz7gqi37fhs9z8h-buf-1.55.1"
        },
        "x86_64-linux": {
          "outputs": [
            {
              "name": "out",
              "path": "/nix/store/99lxvj30aqipqmw5nzdsbqrcvr62qmb5-buf-1.55.1",
              "default": true
            }
          ],
          "store_path": "/nix/store/99lxvj30aqipqmw5nzdsbqrcvr62qmb5-buf-1.55.1"
        }
      }
    },
    "github:NixOS/nixpkgs/nixpkgs-unstable": {
      "last_modified": "2025-08-05T11:35:34Z",
      "resolved": "github:NixOS/nixpkgs/a683adc19ff5228af548c6539dbc3440509bfed3?lastModified=1754393734&narHash=sha256-fbnmAwTQkuXHKBlcL5Nq1sMAzd3GFqCOQgEQw6Hy0Ak%3D"
    },
    "go@1.24.4": {
      "last_modified": "2025-07-13T22:45:35Z",
      "resolved": "github:NixOS/nixpkgs/a421ac6595024edcfbb1ef950a3712b89161c359#go",
      "source": "devbox-search",
      "version": "1.24.4",
      "systems": {
        "aarch64-darwin": {
          "outputs": [
            {
              "name": "out",
              "path": "/nix/store/f4a0g1p943l61wfvqnpdr73v9bsyfhf2-go-1.24.4",
              "default": true
            }
          ],
          "store_path": "/nix/store/f4a0g1p943l61wfvqnpdr73v9bsyfhf2-go-1.24.4"
        },
        "aarch64-linux": {
          "outputs": [
            {
              "name": "out",
              "path": "/nix/store/mdyik6amglpjs533vk927f9w1qmyw239-go-1.24.4",
              "default": true
            }
          ],
          "store_path": "/nix/store/mdyik6amglpjs533vk927f9w1qmyw239-go-1.24.4"
        },
        "x86_64-darwin": {
          "outputs": [
            {
              "name": "out",
              "path": "/nix/store/b56ngr9p7x6z368w8m7ps95r3x8gdfv7-go-1.24.4",
              "default": true
            }
          ],
          "store_path": "/nix/store/b56ngr9p7x6z368w8m7ps95r3x8gdfv7-go-1.24.4"
        },
        "x86_64-linux": {
          "outputs": [
            {
              "name": "out",
              "path": "/nix/store/xrzqlk92h7z5mz9mlc4a9dyy91n5b68i-go-1.24.4",
              "default": true
            }
          ],
          "store_path": "/nix/store/xrzqlk92h7z5mz9mlc4a9dyy91n5b68i-go-1.24.4"
        }
      }
    },
    "protoc-gen-go@1.36.6": {
      "last_modified": "2025-07-28T17:09:23Z",
      "resolved": "github:NixOS/nixpkgs/648f70160c03151bc2121d179291337ad6bc564b#protoc-gen-go",
      "source": "devbox-search",
      "version": "1.36.6",
      "systems": {
        "aarch64-darwin": {
          "outputs": [
            {
              "name": "out",
              "path": "/nix/store/rifkbigcdfsbmif3dp45xidm8x74p5cj-protoc-gen-go-1.36.6",
              "default": true
            }
          ],
          "store_path": "/nix/store/rifkbigcdfsbmif3dp45xidm8x74p5cj-protoc-gen-go-1.36.6"
        },
        "aarch64-linux": {
          "outputs": [
            {
              "name": "out",
              "path": "/nix/store/fcvqpwyn26flbf4q6d9hykwqxpcm9qd9-protoc-gen-go-1.36.6",
              "default": true
            }
          ],
          "store_path": "/nix/store/fcvqpwyn26flbf4q6d9hykwqxpcm9qd9-protoc-gen-go-1.36.6"
        },
        "x86_64-darwin": {
          "outputs": [
            {
              "name": "out",
              "path": "/nix/store/md90l5jpsyn62knwny7nn7qy5s2n0xiw-protoc-gen-go-1.36.6",
              "default": true
            }
          ],
          "store_path": "/nix/store/md90l5jpsyn62knwny7nn7qy5s2n0xiw-protoc-gen-go-1.36.6"
        },
        "x86_64-linux": {
          "outputs": [
            {
              "name": "out",
              "path": "/nix/store/rh95mjidir75f1lkggghsl85cg66mgil-protoc-gen-go-1.36.6",
              "default": true
            }
          ],
          "store_path": "/nix/store/rh95mjidir75f1lkggghsl85cg66mgil-protoc-gen-go-1.36.6"
        }
      }
    }
  }
}
